{
  "requires": true,
  "lockfileVersion": 1,
  "dependencies": {
    "uview-ui": {
      "version": "2.0.38",
      "resolved": "https://registry.npmmirror.com/uview-ui/-/uview-ui-2.0.38.tgz",
      "integrity": "sha512-6egHDf9lXHKpG3hEjRE0vMx4+VWwKk/ReTf5x18KrIKqdvdPRqO3+B8Unh7vYYwrIxzAWIlmhZ9RJpKI/4UqPQ=="
    },
    "yarn": {
      "version": "1.22.22",
      "resolved": "https://registry.npmmirror.com/yarn/-/yarn-1.22.22.tgz",
      "integrity": "sha512-prL3kGtyG7o9Z9Sv8IPfBNrWTDmXB4Qbes8A9rEzt6wkJV8mUvoirjU0Mp3GGAU06Y0XQyA3/2/RQFVuK7MTfg=="
    }
  }
}
