{
  "requires": true,
  "lockfileVersion": 1,
  "dependencies": {
    "@vue/devtools-api": {
      "version": "6.6.4",
      "resolved": "https://registry.npmmirror.com/@vue/devtools-api/-/devtools-api-6.6.4.tgz",
      "integrity": "sha512-sGhTPMuXqZ1rVOk32RylztWkfXTRhuS7vgAKv0zjqk8gbsHkJ7xfFf+jbySxt7tWObEJwyKaHMikV/WGDiQm8g=="
    },
    "js-md5": {
      "version": "0.8.3",
      "resolved": "https://registry.npmmirror.com/js-md5/-/js-md5-0.8.3.tgz",
      "integrity": "sha512-qR0HB5uP6wCuRMrWPTrkMaev7MJZwJuuw4fnwAzRgP4J4/F8RwtodOKpGp4XpqsLBFzzgqIO42efFAyz2Et6KQ==",
      "dev": true
    },
    "moment": {
      "version": "2.30.1",
      "resolved": "https://registry.npmmirror.com/moment/-/moment-2.30.1.tgz",
      "integrity": "sha512-uEmtNhbDOrWPFS+hdjFCBfy9f2YoyzRpwcl+DqpC6taX21FzsTLQVbMV/W7PzNSX6x/bhC1zA3c2UQ5NzH6how=="
    },
    "uview-ui": {
      "version": "2.0.38",
      "resolved": "https://registry.npmmirror.com/uview-ui/-/uview-ui-2.0.38.tgz",
      "integrity": "sha512-6egHDf9lXHKpG3hEjRE0vMx4+VWwKk/ReTf5x18KrIKqdvdPRqO3+B8Unh7vYYwrIxzAWIlmhZ9RJpKI/4UqPQ=="
    },
    "vuex": {
      "version": "4.1.0",
      "resolved": "https://registry.npmmirror.com/vuex/-/vuex-4.1.0.tgz",
      "integrity": "sha512-hmV6UerDrPcgbSy9ORAtNXDr9M4wlNP4pEFKye4ujJF8oqgFFuxDCdOLS3eNoRTtq5O3hoBDh9Doj1bQMYHRbQ==",
      "requires": {
        "@vue/devtools-api": "^6.0.0-beta.11"
      }
    },
    "yarn": {
      "version": "1.22.22",
      "resolved": "https://registry.npmmirror.com/yarn/-/yarn-1.22.22.tgz",
      "integrity": "sha512-prL3kGtyG7o9Z9Sv8IPfBNrWTDmXB4Qbes8A9rEzt6wkJV8mUvoirjU0Mp3GGAU06Y0XQyA3/2/RQFVuK7MTfg=="
    }
  }
}
